
Microsoft Visual Studio Solution File, Format Version 10.00
# Visual Studio 2008
Project("{FAE04EC0-301F-11D3-BF4B-00C04F79EFBC}") = "DAL", "DAL\DAL.csproj", "{0C23C5DB-D0F9-4E43-8E0E-D71F0B2D53CD}"
EndProject
Project("{FAE04EC0-301F-11D3-BF4B-00C04F79EFBC}") = "LiveChat", "LiveChat\LiveChat.csproj", "{9CE708AE-C565-4117-8C25-4A9945A9209E}"
	ProjectSection(ProjectDependencies) = postProject
		{E2F2F767-6D0D-4A26-8D47-C560088C0527} = {E2F2F767-6D0D-4A26-8D47-C560088C0527}
	EndProjectSection
EndProject
Project("{FAE04EC0-301F-11D3-BF4B-00C04F79EFBC}") = "LiveChatProviders", "LiveChatProviders\LiveChatProviders.csproj", "{5ECB56F2-FC25-42EC-89F7-32BDEC712736}"
EndProject
Project("{FAE04EC0-301F-11D3-BF4B-00C04F79EFBC}") = "LiveChatEntities", "LiveChatEntities\LiveChatEntities.csproj", "{033DF257-5AB9-4CE1-A6E7-D658BB3DCFE0}"
EndProject
Project("{FAE04EC0-301F-11D3-BF4B-00C04F79EFBC}") = "LiveChatSQLProviders", "LiveChatSQLProviders\LiveChatSQLProviders.csproj", "{68E77375-C134-42C8-B40B-D8CA083CA616}"
EndProject
Project("{FAE04EC0-301F-11D3-BF4B-00C04F79EFBC}") = "LiveChat.WCF", "LiveChat.WCF\LiveChat.WCF.csproj", "{E2F2F767-6D0D-4A26-8D47-C560088C0527}"
EndProject
Project("{2150E333-8FDC-42A3-9474-1A3956D46DE8}") = "Providers", "Providers", "{39427ADF-5A73-41CF-8092-E8E4721A778C}"
EndProject
Project("{2150E333-8FDC-42A3-9474-1A3956D46DE8}") = "BusinessLogic", "BusinessLogic", "{D225C2E0-C2BD-4559-AE2B-58A83D7FE031}"
EndProject
Project("{2150E333-8FDC-42A3-9474-1A3956D46DE8}") = "Entities", "Entities", "{C63440A7-AEF2-406B-9CBD-9E27BD5AB169}"
EndProject
Project("{2150E333-8FDC-42A3-9474-1A3956D46DE8}") = "ServiceLayer", "ServiceLayer", "{241DC8B7-6893-40BC-8885-7BE806F86E44}"
EndProject
Project("{2150E333-8FDC-42A3-9474-1A3956D46DE8}") = "Sql", "Sql", "{2D27DB17-F9A5-49C4-8B1D-B6BDA4340089}"
EndProject
Project("{FAE04EC0-301F-11D3-BF4B-00C04F79EFBC}") = "LiveChatBusinessLogic", "LiveChatBusinessLogic\LiveChatBusinessLogic.csproj", "{CB6D5B17-79D1-48FA-80FD-10AFFD1FC8B5}"
EndProject
Global
	GlobalSection(TeamFoundationVersionControl) = preSolution
		SccNumberOfProjects = 8
		SccEnterpriseProvider = {4CA58AB2-18FA-4F8D-95D4-32DDF27D184C}
		SccTeamFoundationServer = https://tfs01.codeplex.com/
		SccLocalPath0 = .
		SccProjectUniqueName1 = DAL\\DAL.csproj
		SccProjectTopLevelParentUniqueName1 = LiveChatStarterKit.sln
		SccProjectName1 = DAL
		SccLocalPath1 = DAL
		SccProjectUniqueName2 = LiveChat\\LiveChat.csproj
		SccProjectName2 = LiveChat
		SccLocalPath2 = LiveChat
		SccProjectUniqueName3 = LiveChatProviders\\LiveChatProviders.csproj
		SccProjectTopLevelParentUniqueName3 = LiveChatStarterKit.sln
		SccProjectName3 = LiveChatProviders
		SccLocalPath3 = LiveChatProviders
		SccProjectUniqueName4 = LiveChatEntities\\LiveChatEntities.csproj
		SccProjectTopLevelParentUniqueName4 = LiveChatStarterKit.sln
		SccProjectName4 = LiveChatEntities
		SccLocalPath4 = LiveChatEntities
		SccProjectUniqueName5 = LiveChatSQLProviders\\LiveChatSQLProviders.csproj
		SccProjectTopLevelParentUniqueName5 = LiveChatStarterKit.sln
		SccProjectName5 = LiveChatSQLProviders
		SccLocalPath5 = LiveChatSQLProviders
		SccProjectUniqueName6 = LiveChat.WCF\\LiveChat.WCF.csproj
		SccProjectTopLevelParentUniqueName6 = LiveChatStarterKit.sln
		SccProjectName6 = LiveChat.WCF
		SccLocalPath6 = LiveChat.WCF
		SccProjectUniqueName7 = LiveChatBusinessLogic\\LiveChatBusinessLogic.csproj
		SccProjectTopLevelParentUniqueName7 = LiveChatStarterKit.sln
		SccProjectName7 = LiveChatBusinessLogic
		SccLocalPath7 = LiveChatBusinessLogic
	EndGlobalSection
	GlobalSection(SolutionConfigurationPlatforms) = preSolution
		Debug|Any CPU = Debug|Any CPU
		Release|Any CPU = Release|Any CPU
	EndGlobalSection
	GlobalSection(ProjectConfigurationPlatforms) = postSolution
		{0C23C5DB-D0F9-4E43-8E0E-D71F0B2D53CD}.Debug|Any CPU.ActiveCfg = Debug|Any CPU
		{0C23C5DB-D0F9-4E43-8E0E-D71F0B2D53CD}.Debug|Any CPU.Build.0 = Debug|Any CPU
		{0C23C5DB-D0F9-4E43-8E0E-D71F0B2D53CD}.Release|Any CPU.ActiveCfg = Release|Any CPU
		{0C23C5DB-D0F9-4E43-8E0E-D71F0B2D53CD}.Release|Any CPU.Build.0 = Release|Any CPU
		{9CE708AE-C565-4117-8C25-4A9945A9209E}.Debug|Any CPU.ActiveCfg = Debug|Any CPU
		{9CE708AE-C565-4117-8C25-4A9945A9209E}.Debug|Any CPU.Build.0 = Debug|Any CPU
		{9CE708AE-C565-4117-8C25-4A9945A9209E}.Release|Any CPU.ActiveCfg = Release|Any CPU
		{9CE708AE-C565-4117-8C25-4A9945A9209E}.Release|Any CPU.Build.0 = Release|Any CPU
		{5ECB56F2-FC25-42EC-89F7-32BDEC712736}.Debug|Any CPU.ActiveCfg = Debug|Any CPU
		{5ECB56F2-FC25-42EC-89F7-32BDEC712736}.Debug|Any CPU.Build.0 = Debug|Any CPU
		{5ECB56F2-FC25-42EC-89F7-32BDEC712736}.Release|Any CPU.ActiveCfg = Release|Any CPU
		{5ECB56F2-FC25-42EC-89F7-32BDEC712736}.Release|Any CPU.Build.0 = Release|Any CPU
		{033DF257-5AB9-4CE1-A6E7-D658BB3DCFE0}.Debug|Any CPU.ActiveCfg = Debug|Any CPU
		{033DF257-5AB9-4CE1-A6E7-D658BB3DCFE0}.Debug|Any CPU.Build.0 = Debug|Any CPU
		{033DF257-5AB9-4CE1-A6E7-D658BB3DCFE0}.Release|Any CPU.ActiveCfg = Release|Any CPU
		{033DF257-5AB9-4CE1-A6E7-D658BB3DCFE0}.Release|Any CPU.Build.0 = Release|Any CPU
		{68E77375-C134-42C8-B40B-D8CA083CA616}.Debug|Any CPU.ActiveCfg = Debug|Any CPU
		{68E77375-C134-42C8-B40B-D8CA083CA616}.Debug|Any CPU.Build.0 = Debug|Any CPU
		{68E77375-C134-42C8-B40B-D8CA083CA616}.Release|Any CPU.ActiveCfg = Release|Any CPU
		{68E77375-C134-42C8-B40B-D8CA083CA616}.Release|Any CPU.Build.0 = Release|Any CPU
		{E2F2F767-6D0D-4A26-8D47-C560088C0527}.Debug|Any CPU.ActiveCfg = Debug|Any CPU
		{E2F2F767-6D0D-4A26-8D47-C560088C0527}.Debug|Any CPU.Build.0 = Debug|Any CPU
		{E2F2F767-6D0D-4A26-8D47-C560088C0527}.Release|Any CPU.ActiveCfg = Release|Any CPU
		{E2F2F767-6D0D-4A26-8D47-C560088C0527}.Release|Any CPU.Build.0 = Release|Any CPU
		{CB6D5B17-79D1-48FA-80FD-10AFFD1FC8B5}.Debug|Any CPU.ActiveCfg = Debug|Any CPU
		{CB6D5B17-79D1-48FA-80FD-10AFFD1FC8B5}.Debug|Any CPU.Build.0 = Debug|Any CPU
		{CB6D5B17-79D1-48FA-80FD-10AFFD1FC8B5}.Release|Any CPU.ActiveCfg = Release|Any CPU
		{CB6D5B17-79D1-48FA-80FD-10AFFD1FC8B5}.Release|Any CPU.Build.0 = Release|Any CPU
	EndGlobalSection
	GlobalSection(SolutionProperties) = preSolution
		HideSolutionNode = FALSE
	EndGlobalSection
	GlobalSection(NestedProjects) = preSolution
		{5ECB56F2-FC25-42EC-89F7-32BDEC712736} = {39427ADF-5A73-41CF-8092-E8E4721A778C}
		{2D27DB17-F9A5-49C4-8B1D-B6BDA4340089} = {39427ADF-5A73-41CF-8092-E8E4721A778C}
		{CB6D5B17-79D1-48FA-80FD-10AFFD1FC8B5} = {D225C2E0-C2BD-4559-AE2B-58A83D7FE031}
		{033DF257-5AB9-4CE1-A6E7-D658BB3DCFE0} = {C63440A7-AEF2-406B-9CBD-9E27BD5AB169}
		{E2F2F767-6D0D-4A26-8D47-C560088C0527} = {241DC8B7-6893-40BC-8885-7BE806F86E44}
		{68E77375-C134-42C8-B40B-D8CA083CA616} = {2D27DB17-F9A5-49C4-8B1D-B6BDA4340089}
		{0C23C5DB-D0F9-4E43-8E0E-D71F0B2D53CD} = {2D27DB17-F9A5-49C4-8B1D-B6BDA4340089}
	EndGlobalSection
EndGlobal
