
Microsoft Visual Studio Solution File, Format Version 10.00
# Visual Studio 2008
Project("{FAE04EC0-301F-11D3-BF4B-00C04F79EFBC}") = "OperatorConsole", "..\..\LCSK\LiveChatStarterKit\OperatorConsole\OperatorConsole.csproj", "{D9CDB4A6-D45C-46FA-8D61-2CE58D42005A}"
EndProject
Project("{E24C65DC-7377-472B-9ABA-BC803B73C61A}") = "website", "..\..\LCSK\LiveChatStarterKit\website", "{9A8A2A27-0159-4B57-B919-34866FD8DB0A}"
	ProjectSection(WebsiteProperties) = preProject
		SccProjectName = ""
		SccAuxPath = ""
		SccLocalPath = ""
		SccProvider = ""
		TargetFramework = "3.5"
		Debug.AspNetCompiler.VirtualPath = "/website"
		Debug.AspNetCompiler.PhysicalPath = "..\..\LCSK\LiveChatStarterKit\website\"
		Debug.AspNetCompiler.TargetPath = "PrecompiledWeb\website\"
		Debug.AspNetCompiler.Updateable = "true"
		Debug.AspNetCompiler.ForceOverwrite = "true"
		Debug.AspNetCompiler.FixedNames = "false"
		Debug.AspNetCompiler.Debug = "True"
		Release.AspNetCompiler.VirtualPath = "/website"
		Release.AspNetCompiler.PhysicalPath = "..\..\LCSK\LiveChatStarterKit\website\"
		Release.AspNetCompiler.TargetPath = "PrecompiledWeb\website\"
		Release.AspNetCompiler.Updateable = "true"
		Release.AspNetCompiler.ForceOverwrite = "true"
		Release.AspNetCompiler.FixedNames = "false"
		Release.AspNetCompiler.Debug = "False"
		VWDPort = "1096"
	EndProjectSection
EndProject
Project("{2150E333-8FDC-42A3-9474-1A3956D46DE8}") = "SQLScripts", "SQLScripts", "{16B43CBE-F790-446A-B251-D3AEA7DD0CB8}"
	ProjectSection(SolutionItems) = preProject
		..\..\LCSK\LiveChatStarterKit\Database\CreateSPs.sql = ..\..\LCSK\LiveChatStarterKit\Database\CreateSPs.sql
		..\..\LCSK\LiveChatStarterKit\Database\CreateTables.sql = ..\..\LCSK\LiveChatStarterKit\Database\CreateTables.sql
	EndProjectSection
EndProject
Global
	GlobalSection(SolutionConfigurationPlatforms) = preSolution
		Debug|Any CPU = Debug|Any CPU
		Release|Any CPU = Release|Any CPU
	EndGlobalSection
	GlobalSection(ProjectConfigurationPlatforms) = postSolution
		{D9CDB4A6-D45C-46FA-8D61-2CE58D42005A}.Debug|Any CPU.ActiveCfg = Debug|Any CPU
		{D9CDB4A6-D45C-46FA-8D61-2CE58D42005A}.Debug|Any CPU.Build.0 = Debug|Any CPU
		{D9CDB4A6-D45C-46FA-8D61-2CE58D42005A}.Release|Any CPU.ActiveCfg = Release|Any CPU
		{D9CDB4A6-D45C-46FA-8D61-2CE58D42005A}.Release|Any CPU.Build.0 = Release|Any CPU
		{9A8A2A27-0159-4B57-B919-34866FD8DB0A}.Debug|Any CPU.ActiveCfg = Debug|Any CPU
		{9A8A2A27-0159-4B57-B919-34866FD8DB0A}.Debug|Any CPU.Build.0 = Debug|Any CPU
		{9A8A2A27-0159-4B57-B919-34866FD8DB0A}.Release|Any CPU.ActiveCfg = Debug|Any CPU
		{9A8A2A27-0159-4B57-B919-34866FD8DB0A}.Release|Any CPU.Build.0 = Debug|Any CPU
	EndGlobalSection
	GlobalSection(SolutionProperties) = preSolution
		HideSolutionNode = FALSE
	EndGlobalSection
	GlobalSection(TeamFoundationVersionControl) = preSolution
		SccNumberOfProjects = 2
		SccEnterpriseProvider = {4CA58AB2-18FA-4F8D-95D4-32DDF27D184C}
		SccTeamFoundationServer = https://tfs01.codeplex.com/
		SccLocalPath0 = .
		SccProjectUniqueName1 = LiveChat.WCF\\LiveChat.WCF.csproj
		SccProjectTopLevelParentUniqueName1 = LiveChatStarterKit.sln
		SccProjectName1 = LiveChat.WCF
		SccLocalPath1 = LiveChat.WCF
	EndGlobalSection
EndGlobal
