
Microsoft Visual Studio Solution File, Format Version 9.00
# Visual Studio 2005
Project("{E24C65DC-7377-472B-9ABA-BC803B73C61A}") = "C:\Projects\LiveChatStarterKit\", "..\..\..\..\..\..\Projects\LiveChatStarterKit", "{88ACCEEA-AD14-47B2-A834-5DB61020F6DD}"
	ProjectSection(WebsiteProperties) = preProject
		SccProjectName = "SAK"
		SccAuxPath = "SAK"
		SccLocalPath = "SAK"
		SccProvider = "SAK"
		Debug.AspNetCompiler.VirtualPath = "/LiveChatStarterKit"
		Debug.AspNetCompiler.PhysicalPath = "..\..\..\..\..\..\Projects\LiveChatStarterKit\"
		Debug.AspNetCompiler.TargetPath = "PrecompiledWeb\LiveChatStarterKit\"
		Debug.AspNetCompiler.Updateable = "true"
		Debug.AspNetCompiler.ForceOverwrite = "true"
		Debug.AspNetCompiler.FixedNames = "false"
		Debug.AspNetCompiler.Debug = "True"
		Release.AspNetCompiler.VirtualPath = "/LiveChatStarterKit"
		Release.AspNetCompiler.PhysicalPath = "..\..\..\..\..\..\Projects\LiveChatStarterKit\"
		Release.AspNetCompiler.TargetPath = "PrecompiledWeb\LiveChatStarterKit\"
		Release.AspNetCompiler.Updateable = "true"
		Release.AspNetCompiler.ForceOverwrite = "true"
		Release.AspNetCompiler.FixedNames = "false"
		Release.AspNetCompiler.Debug = "False"
		VWDPort = "4855"
		DefaultWebSiteLanguage = "Visual C#"
	EndProjectSection
EndProject
Global
	GlobalSection(TeamFoundationVersionControl) = preSolution
		SccNumberOfProjects = 2
		SccEnterpriseProvider = {4CA58AB2-18FA-4F8D-95D4-32DDF27D184C}
		SccTeamFoundationServer = https://tfs01.codeplex.com/
		SccLocalPath0 = .
		SccWebProject1 = true
		SccProjectUniqueName1 = ..\\..\\..\\..\\..\\..\\Projects\\LiveChatStarterKit
		SccProjectName1 = LiveChatStarterKit
		SccLocalPath1 = ..\\..\\..\\..\\..\\..\\Projects\\LiveChatStarterKit
		SccProjectEnlistmentChoice1 = 2
	EndGlobalSection
	GlobalSection(SolutionConfigurationPlatforms) = preSolution
		Debug|.NET = Debug|.NET
		Debug|Any CPU = Debug|Any CPU
		Debug|Mixed Platforms = Debug|Mixed Platforms
		Release|.NET = Release|.NET
		Release|Any CPU = Release|Any CPU
		Release|Mixed Platforms = Release|Mixed Platforms
	EndGlobalSection
	GlobalSection(ProjectConfigurationPlatforms) = postSolution
		{88ACCEEA-AD14-47B2-A834-5DB61020F6DD}.Debug|.NET.ActiveCfg = Debug|.NET
		{88ACCEEA-AD14-47B2-A834-5DB61020F6DD}.Debug|.NET.Build.0 = Debug|.NET
		{88ACCEEA-AD14-47B2-A834-5DB61020F6DD}.Debug|Any CPU.ActiveCfg = Debug|.NET
		{88ACCEEA-AD14-47B2-A834-5DB61020F6DD}.Debug|Mixed Platforms.ActiveCfg = Debug|.NET
		{88ACCEEA-AD14-47B2-A834-5DB61020F6DD}.Debug|Mixed Platforms.Build.0 = Debug|.NET
		{88ACCEEA-AD14-47B2-A834-5DB61020F6DD}.Release|.NET.ActiveCfg = Debug|.NET
		{88ACCEEA-AD14-47B2-A834-5DB61020F6DD}.Release|.NET.Build.0 = Debug|.NET
		{88ACCEEA-AD14-47B2-A834-5DB61020F6DD}.Release|Any CPU.ActiveCfg = Debug|.NET
		{88ACCEEA-AD14-47B2-A834-5DB61020F6DD}.Release|Mixed Platforms.ActiveCfg = Debug|.NET
		{88ACCEEA-AD14-47B2-A834-5DB61020F6DD}.Release|Mixed Platforms.Build.0 = Debug|.NET
	EndGlobalSection
	GlobalSection(SolutionProperties) = preSolution
		HideSolutionNode = FALSE
	EndGlobalSection
EndGlobal
