
Microsoft Visual Studio Solution File, Format Version 12.00
# Visual Studio 2012
Project("{FAE04EC0-301F-11D3-BF4B-00C04F79EFBC}") = "Demo", "Demo\Demo.csproj", "{D5D3C37A-289E-49DD-9C0C-11AE93661BA8}"
EndProject
Project("{2150E333-8FDC-42A3-9474-1A3956D46DE8}") = ".nuget", ".nuget", "{2DA7B84B-A086-40D1-A55F-85E2C3B71089}"
EndProject
Global
	GlobalSection(SolutionConfigurationPlatforms) = preSolution
		Debug|Any CPU = Debug|Any CPU
		Release|Any CPU = Release|Any CPU
	EndGlobalSection
	GlobalSection(ProjectConfigurationPlatforms) = postSolution
		{D5D3C37A-289E-49DD-9C0C-11AE93661BA8}.Debug|Any CPU.ActiveCfg = Debug|Any CPU
		{D5D3C37A-289E-49DD-9C0C-11AE93661BA8}.Debug|Any CPU.Build.0 = Debug|Any CPU
		{D5D3C37A-289E-49DD-9C0C-11AE93661BA8}.Release|Any CPU.ActiveCfg = Release|Any CPU
		{D5D3C37A-289E-49DD-9C0C-11AE93661BA8}.Release|Any CPU.Build.0 = Release|Any CPU
	EndGlobalSection
	GlobalSection(SolutionProperties) = preSolution
		HideSolutionNode = FALSE
	EndGlobalSection
EndGlobal
