
Microsoft Visual Studio Solution File, Format Version 11.00
# Visual Studio 2010
Project("{FAE04EC0-301F-11D3-BF4B-00C04F79EFBC}") = "LiveChat", "LiveChat\LiveChat.csproj", "{30B7638F-0D4C-4622-82EC-DE303B128BEC}"
EndProject
Project("{FAE04EC0-301F-11D3-BF4B-00C04F79EFBC}") = "LiveChat.Tests", "LiveChat.Tests\LiveChat.Tests.csproj", "{A500B352-7957-43A8-AF02-FEF50C5FB4B2}"
EndProject
Project("{FAE04EC0-301F-11D3-BF4B-00C04F79EFBC}") = "LiveChat.Core", "LiveChat.Core\LiveChat.Core.csproj", "{176AEE1C-3A26-4CD0-960D-AC3CBF0643C1}"
EndProject
Global
	GlobalSection(SolutionConfigurationPlatforms) = preSolution
		Debug|Any CPU = Debug|Any CPU
		Release|Any CPU = Release|Any CPU
	EndGlobalSection
	GlobalSection(ProjectConfigurationPlatforms) = postSolution
		{30B7638F-0D4C-4622-82EC-DE303B128BEC}.Debug|Any CPU.ActiveCfg = Debug|Any CPU
		{30B7638F-0D4C-4622-82EC-DE303B128BEC}.Debug|Any CPU.Build.0 = Debug|Any CPU
		{30B7638F-0D4C-4622-82EC-DE303B128BEC}.Release|Any CPU.ActiveCfg = Release|Any CPU
		{30B7638F-0D4C-4622-82EC-DE303B128BEC}.Release|Any CPU.Build.0 = Release|Any CPU
		{A500B352-7957-43A8-AF02-FEF50C5FB4B2}.Debug|Any CPU.ActiveCfg = Debug|Any CPU
		{A500B352-7957-43A8-AF02-FEF50C5FB4B2}.Debug|Any CPU.Build.0 = Debug|Any CPU
		{A500B352-7957-43A8-AF02-FEF50C5FB4B2}.Release|Any CPU.ActiveCfg = Release|Any CPU
		{A500B352-7957-43A8-AF02-FEF50C5FB4B2}.Release|Any CPU.Build.0 = Release|Any CPU
		{176AEE1C-3A26-4CD0-960D-AC3CBF0643C1}.Debug|Any CPU.ActiveCfg = Debug|Any CPU
		{176AEE1C-3A26-4CD0-960D-AC3CBF0643C1}.Debug|Any CPU.Build.0 = Debug|Any CPU
		{176AEE1C-3A26-4CD0-960D-AC3CBF0643C1}.Release|Any CPU.ActiveCfg = Release|Any CPU
		{176AEE1C-3A26-4CD0-960D-AC3CBF0643C1}.Release|Any CPU.Build.0 = Release|Any CPU
	EndGlobalSection
	GlobalSection(SolutionProperties) = preSolution
		HideSolutionNode = FALSE
	EndGlobalSection
EndGlobal
